# THIS IS AN AUTOGENERATED FILE. DO NOT EDIT THIS FILE DIRECTLY.
# yarn lockfile v1


"@googlemaps/js-api-loader@1.16.2", "@googlemaps/js-api-loader@^1.13.2", "@googlemaps/js-api-loader@^1.13.8":
  version "1.16.2"
  resolved "https://registry.yarnpkg.com/@googlemaps/js-api-loader/-/js-api-loader-1.16.2.tgz#3fe748e21243f8e8322c677a5525c569ae9cdbe9"
  integrity sha512-psGw5u0QM6humao48Hn4lrChOM2/rA43ZCm3tKK9qQsEj1/VzqkCqnvGfEOshDbBQflydfaRovbKwZMF4AyqbA==
  dependencies:
    fast-deep-equal "^3.1.3"

"@googlemaps/markerclusterer@2.3.2":
  version "2.3.2"
  resolved "https://registry.yarnpkg.com/@googlemaps/markerclusterer/-/markerclusterer-2.3.2.tgz#b311c26a0c0e8bb6325759ea690aef68c7150d8a"
  integrity sha512-zb9OQP8XscZp2Npt1uQUYnGKu1miuq4DPP28JyDuFd6HV17HCEcjV9MtBi4muG/iVRXXvuHW9bRCnHbao9ITfw==
  dependencies:
    fast-deep-equal "^3.1.3"
    supercluster "^8.0.1"

"@googlemaps/react-wrapper@^1.1.35":
  version "1.1.35"
  resolved "https://registry.yarnpkg.com/@googlemaps/react-wrapper/-/react-wrapper-1.1.35.tgz#fde9146b1ae02805dcad9c0fab56c4bc137b32ee"
  integrity sha512-vK+BDQMHN0Oqr66cW3ZPWVK43BUmJJBu6P8T74tc6/fKpUJUlFEaZsupgIIRRRDW9ejB8uGagUmwOnA2gdcvbw==
  dependencies:
    "@googlemaps/js-api-loader" "^1.13.2"

"@mapbox/point-geometry@^0.1.0":
  version "0.1.0"
  resolved "https://registry.yarnpkg.com/@mapbox/point-geometry/-/point-geometry-0.1.0.tgz#8a83f9335c7860effa2eeeca254332aa0aeed8f2"
  integrity sha512-6j56HdLTwWGO0fJPlrZtdU/B13q8Uwmo18Ck2GnGgN9PCFyKTZ3UbXeEdRFh18i9XQ92eH2VdtpJHpBD3aripQ==

"@react-google-maps/api@^2.19.2":
  version "2.19.2"
  resolved "https://registry.yarnpkg.com/@react-google-maps/api/-/api-2.19.2.tgz#678dc1871fbab72cd46d338eed687a36bf556ab1"
  integrity sha512-Vt57XWzCKfsUjKOmFUl2erVVfOePkPK5OigF/f+q7UuV/Nm9KDDy1PMFBx+wNahEqOd6a32BxfsykEhBnbU9wQ==
  dependencies:
    "@googlemaps/js-api-loader" "1.16.2"
    "@googlemaps/markerclusterer" "2.3.2"
    "@react-google-maps/infobox" "2.19.2"
    "@react-google-maps/marker-clusterer" "2.19.2"
    "@types/google.maps" "3.53.5"
    invariant "2.2.4"

"@react-google-maps/infobox@2.19.2":
  version "2.19.2"
  resolved "https://registry.yarnpkg.com/@react-google-maps/infobox/-/infobox-2.19.2.tgz#b6bda962a4fa1074fdd3dfd63bc4c7d68b1dd745"
  integrity sha512-6wvBqeJsQ/eFSvoxg+9VoncQvNoVCdmxzxRpLvmjPD+nNC6mHM0vJH1xSqaKijkMrfLJT0nfkTGpovrF896jwg==

"@react-google-maps/marker-clusterer@2.19.2":
  version "2.19.2"
  resolved "https://registry.yarnpkg.com/@react-google-maps/marker-clusterer/-/marker-clusterer-2.19.2.tgz#24d9fb9aa555bb063ba5fe82f80fcd7d48662184"
  integrity sha512-x9ibmsP0ZVqzyCo1Pitbw+4b6iEXRw/r1TCy3vOUR3eKrzWLnHYZMR325BkZW2r8fnuWE/V3Fp4QZOP9qYORCw==

"@react-leaflet/core@^2.1.0":
  version "2.1.0"
  resolved "https://registry.yarnpkg.com/@react-leaflet/core/-/core-2.1.0.tgz#383acd31259d7c9ae8fb1b02d5e18fe613c2a13d"
  integrity sha512-Qk7Pfu8BSarKGqILj4x7bCSZ1pjuAPZ+qmRwH5S7mDS91VSbVVsJSrW4qA+GPrro8t69gFYVMWb1Zc4yFmPiVg==

"@types/google.maps@3.53.5":
  version "3.53.5"
  resolved "https://registry.yarnpkg.com/@types/google.maps/-/google.maps-3.53.5.tgz#0f3010ab4eabe46721f3604462196975b640aab9"
  integrity sha512-HoRq4Te8J6krH7hj+TfdYepqegoKZCj3kkaK5gf+ySFSHLvyqYkDvkrtbcVJXQ6QBphQ0h1TF7p4J6sOh4r/zg==

eventemitter3@^4.0.4:
  version "4.0.7"
  resolved "https://registry.yarnpkg.com/eventemitter3/-/eventemitter3-4.0.7.tgz#2de9b68f6528d5644ef5c59526a1b4a07306169f"
  integrity sha512-8guHBZCwKnFhYdHr2ysuRWErTwhoN2X8XELRlrRwpmfeY2jjuUN4taQMsULKUVo1K4DvZl+0pgfyoysHxvmvEw==

fast-deep-equal@^3.1.3:
  version "3.1.3"
  resolved "https://registry.yarnpkg.com/fast-deep-equal/-/fast-deep-equal-3.1.3.tgz#3a7d56b559d6cbc3eb512325244e619a65c6c525"
  integrity sha512-f3qQ9oQy9j2AhBe/H9VC91wLmKBCCU/gDOnKNAYG5hswO7BLKj09Hc5HYNz9cGI++xlpDCIgDaitVs03ATR84Q==

google-map-react@^2.2.1:
  version "2.2.1"
  resolved "https://registry.yarnpkg.com/google-map-react/-/google-map-react-2.2.1.tgz#54c45899966fb0000e04cde2d5ca44ad728bdba6"
  integrity sha512-Dg8aexf5rNSmywj0XKQ5m4RNzVcWwKEM2BGDj5aPChD0um8ZRjB5Upcb/yg/i0oG1aES29asQ5+6BHVgrK5xGA==
  dependencies:
    "@googlemaps/js-api-loader" "^1.13.8"
    "@mapbox/point-geometry" "^0.1.0"
    eventemitter3 "^4.0.4"
    prop-types "^15.7.2"

google-maps-react@^2.0.6:
  version "2.0.6"
  resolved "https://registry.yarnpkg.com/google-maps-react/-/google-maps-react-2.0.6.tgz#0473356207ab6b47227b393b89e4b83f6eab06da"
  integrity sha512-M8Eo9WndfQEfxcmm6yRq03qdJgw1x6rQmJ9DN+a+xPQ3K7yNDGkVDbinrf4/8vcox7nELbeopbm4bpefKewWfQ==

invariant@2.2.4:
  version "2.2.4"
  resolved "https://registry.yarnpkg.com/invariant/-/invariant-2.2.4.tgz#610f3c92c9359ce1db616e538008d23ff35158e6"
  integrity sha512-phJfQVBuaJM5raOpJjSfkiD6BpbCE4Ns//LaXl6wGYtUBY83nWS6Rf9tXm2e8VaK60JEjYldbPif/A2B1C2gNA==
  dependencies:
    loose-envify "^1.0.0"

"js-tokens@^3.0.0 || ^4.0.0":
  version "4.0.0"
  resolved "https://registry.yarnpkg.com/js-tokens/-/js-tokens-4.0.0.tgz#19203fb59991df98e3a287050d4647cdeaf32499"
  integrity sha512-RdJUflcE3cUzKiMqQgsCu06FPu9UdIJO0beYbPhHN4k6apgJtifcoCtT9bcxOpYBtpD2kCM6Sbzg4CausW/PKQ==

kdbush@^4.0.2:
  version "4.0.2"
  resolved "https://registry.yarnpkg.com/kdbush/-/kdbush-4.0.2.tgz#2f7b7246328b4657dd122b6c7f025fbc2c868e39"
  integrity sha512-WbCVYJ27Sz8zi9Q7Q0xHC+05iwkm3Znipc2XTlrnJbsHMYktW4hPhXUE8Ys1engBrvffoSCqbil1JQAa7clRpA==

leaflet@^1.9.4:
  version "1.9.4"
  resolved "https://registry.yarnpkg.com/leaflet/-/leaflet-1.9.4.tgz#23fae724e282fa25745aff82ca4d394748db7d8d"
  integrity sha512-nxS1ynzJOmOlHp+iL3FyWqK89GtNL8U8rvlMOsQdTTssxZwCXh8N2NB3GDQOL+YR3XnWyZAxwQixURb+FA74PA==

loose-envify@^1.0.0, loose-envify@^1.1.0, loose-envify@^1.4.0:
  version "1.4.0"
  resolved "https://registry.yarnpkg.com/loose-envify/-/loose-envify-1.4.0.tgz#71ee51fa7be4caec1a63839f7e682d8132d30caf"
  integrity sha512-lyuxPGr/Wfhrlem2CL/UcnUc1zcqKAImBDzukY7Y5F/yQiNdko6+fRLevlw1HgMySw7f611UIY408EtxRSoK3Q==
  dependencies:
    js-tokens "^3.0.0 || ^4.0.0"

object-assign@^4.1.1:
  version "4.1.1"
  resolved "https://registry.yarnpkg.com/object-assign/-/object-assign-4.1.1.tgz#2109adc7965887cfc05cbbd442cac8bfbb360863"
  integrity sha512-rJgTQnkUnH1sFw8yT6VSU3zD3sWmu6sZhIseY8VX+GRu3P6F7Fu+JNDoXfklElbLJSnc3FUQHVe4cU5hj+BcUg==

prop-types@^15.7.2:
  version "15.8.1"
  resolved "https://registry.yarnpkg.com/prop-types/-/prop-types-15.8.1.tgz#67d87bf1a694f48435cf332c24af10214a3140b5"
  integrity sha512-oj87CgZICdulUohogVAR7AjlC0327U4el4L6eAvOqCeudMDVU0NThNaV+b9Df4dXgSP1gXMTnPdhfe/2qDH5cg==
  dependencies:
    loose-envify "^1.4.0"
    object-assign "^4.1.1"
    react-is "^16.13.1"

react-dom@^18.2.0:
  version "18.2.0"
  resolved "https://registry.yarnpkg.com/react-dom/-/react-dom-18.2.0.tgz#22aaf38708db2674ed9ada224ca4aa708d821e3d"
  integrity sha512-6IMTriUmvsjHUjNtEDudZfuDQUoWXVxKHhlEGSk81n4YFS+r/Kl99wXiwlVXtPBtJenozv2P+hxDsw9eA7Xo6g==
  dependencies:
    loose-envify "^1.1.0"
    scheduler "^0.23.0"

react-facebook-login@^4.1.1:
  version "4.1.1"
  resolved "https://registry.yarnpkg.com/react-facebook-login/-/react-facebook-login-4.1.1.tgz#005121236a6ac0dee02099976fb1a3265f9d633e"
  integrity sha512-COnHEHlYGTKipz4963safFAK9PaNTcCiXfPXMS/yxo8El+/AJL5ye8kMJf23lKSSGGPgqFQuInskIHVqGqTvSw==

react-is@^16.13.1:
  version "16.13.1"
  resolved "https://registry.yarnpkg.com/react-is/-/react-is-16.13.1.tgz#789729a4dc36de2999dc156dd6c1d9c18cea56a4"
  integrity sha512-24e6ynE2H+OKt4kqsOvNd8kBpV65zoxbA4BVsEOB3ARVWQki/DHzaUoC5KuON/BiccDaCCTZBuOcfZs70kR8bQ==

react-leaflet@^4.2.1:
  version "4.2.1"
  resolved "https://registry.yarnpkg.com/react-leaflet/-/react-leaflet-4.2.1.tgz#c300e9eccaf15cb40757552e181200aa10b94780"
  integrity sha512-p9chkvhcKrWn/H/1FFeVSqLdReGwn2qmiobOQGO3BifX+/vV/39qhY8dGqbdcPh1e6jxh/QHriLXr7a4eLFK4Q==
  dependencies:
    "@react-leaflet/core" "^2.1.0"

react-social-login-buttons@^3.9.1:
  version "3.9.1"
  resolved "https://registry.yarnpkg.com/react-social-login-buttons/-/react-social-login-buttons-3.9.1.tgz#c0595ac314a09e4d6024134ff0cc9901879179ff"
  integrity sha512-KtucVWvdnIZ0icG99WJ3usQUJYmlKsOIBYGyngcuNSVyyYdZtif4KHY80qnCg+teDlgYr54ToQtg3x26ZqaS2w==

reactjs-social-login@^2.6.2:
  version "2.6.2"
  resolved "https://registry.yarnpkg.com/reactjs-social-login/-/reactjs-social-login-2.6.2.tgz#fffa8a8d216bcb373433322e1fe7328318c80177"
  integrity sha512-7ngl3qMbnRkXJznsdd/fwCXLwE1wBpeLhaAZJlZF0Wki7tl9nwFL191t+uopZkSBnWuHRCBhmOGgT/y9KVSJAg==

scheduler@^0.23.0:
  version "0.23.0"
  resolved "https://registry.yarnpkg.com/scheduler/-/scheduler-0.23.0.tgz#ba8041afc3d30eb206a487b6b384002e4e61fdfe"
  integrity sha512-CtuThmgHNg7zIZWAXi3AsyIzA3n4xx7aNyjwC2VJldO2LMVDhFK+63xGqq6CsJH4rTAt6/M+N4GhZiDYPx9eUw==
  dependencies:
    loose-envify "^1.1.0"

supercluster@^8.0.1:
  version "8.0.1"
  resolved "https://registry.yarnpkg.com/supercluster/-/supercluster-8.0.1.tgz#9946ba123538e9e9ab15de472531f604e7372df5"
  integrity sha512-IiOea5kJ9iqzD2t7QJq/cREyLHTtSmUT6gQsweojg9WH2sYJqZK9SswTu6jrscO6D1G5v5vYZ9ru/eq85lXeZQ==
  dependencies:
    kdbush "^4.0.2"
