# THIS IS AN AUTOGENERATED FILE. DO NOT EDIT THIS FILE DIRECTLY.
# yarn lockfile v1


"js-tokens@^3.0.0 || ^4.0.0":
  version "4.0.0"
  resolved "https://registry.yarnpkg.com/js-tokens/-/js-tokens-4.0.0.tgz#19203fb59991df98e3a287050d4647cdeaf32499"
  integrity sha512-RdJUflcE3cUzKiMqQgsCu06FPu9UdIJO0beYbPhHN4k6apgJtifcoCtT9bcxOpYBtpD2kCM6Sbzg4CausW/PKQ==

loose-envify@^1.1.0:
  version "1.4.0"
  resolved "https://registry.yarnpkg.com/loose-envify/-/loose-envify-1.4.0.tgz#71ee51fa7be4caec1a63839f7e682d8132d30caf"
  integrity sha512-lyuxPGr/Wfhrlem2CL/UcnUc1zcqKAImBDzukY7Y5F/yQiNdko6+fRLevlw1HgMySw7f611UIY408EtxRSoK3Q==
  dependencies:
    js-tokens "^3.0.0 || ^4.0.0"

react-dom@^18.2.0:
  version "18.2.0"
  resolved "https://registry.yarnpkg.com/react-dom/-/react-dom-18.2.0.tgz#22aaf38708db2674ed9ada224ca4aa708d821e3d"
  integrity sha512-6IMTriUmvsjHUjNtEDudZfuDQUoWXVxKHhlEGSk81n4YFS+r/Kl99wXiwlVXtPBtJenozv2P+hxDsw9eA7Xo6g==
  dependencies:
    loose-envify "^1.1.0"
    scheduler "^0.23.0"

react-facebook-login@^4.1.1:
  version "4.1.1"
  resolved "https://registry.yarnpkg.com/react-facebook-login/-/react-facebook-login-4.1.1.tgz#005121236a6ac0dee02099976fb1a3265f9d633e"
  integrity sha512-COnHEHlYGTKipz4963safFAK9PaNTcCiXfPXMS/yxo8El+/AJL5ye8kMJf23lKSSGGPgqFQuInskIHVqGqTvSw==

react-social-login-buttons@^3.9.1:
  version "3.9.1"
  resolved "https://registry.yarnpkg.com/react-social-login-buttons/-/react-social-login-buttons-3.9.1.tgz#c0595ac314a09e4d6024134ff0cc9901879179ff"
  integrity sha512-KtucVWvdnIZ0icG99WJ3usQUJYmlKsOIBYGyngcuNSVyyYdZtif4KHY80qnCg+teDlgYr54ToQtg3x26ZqaS2w==

reactjs-social-login@^2.6.2:
  version "2.6.2"
  resolved "https://registry.yarnpkg.com/reactjs-social-login/-/reactjs-social-login-2.6.2.tgz#fffa8a8d216bcb373433322e1fe7328318c80177"
  integrity sha512-7ngl3qMbnRkXJznsdd/fwCXLwE1wBpeLhaAZJlZF0Wki7tl9nwFL191t+uopZkSBnWuHRCBhmOGgT/y9KVSJAg==

scheduler@^0.23.0:
  version "0.23.0"
  resolved "https://registry.yarnpkg.com/scheduler/-/scheduler-0.23.0.tgz#ba8041afc3d30eb206a487b6b384002e4e61fdfe"
  integrity sha512-CtuThmgHNg7zIZWAXi3AsyIzA3n4xx7aNyjwC2VJldO2LMVDhFK+63xGqq6CsJH4rTAt6/M+N4GhZiDYPx9eUw==
  dependencies:
    loose-envify "^1.1.0"
